// !$*UTF8*$!
{
	archiveVersion = 1;
	classes = {
	};
	objectVersion = 50;
	objects = {

/* Begin PBXBuildFile section */
		46AF8C47211ACD2C00683F14 /* MMCoreGraphicsCenterController.m in Sources */ = {isa = PBXBuildFile; fileRef = 46AF8C46211ACD2C00683F14 /* MMCoreGraphicsCenterController.m */; };
		46AF8C4A211AD00B00683F14 /* MMCoreGraphicTriangleController.m in Sources */ = {isa = PBXBuildFile; fileRef = 46AF8C49211AD00B00683F14 /* MMCoreGraphicTriangleController.m */; };
		46E69B832117E6EA00B52798 /* AppDelegate.m in Sources */ = {isa = PBXBuildFile; fileRef = 46E69B822117E6EA00B52798 /* AppDelegate.m */; };
		46E69B862117E6EA00B52798 /* ViewController.m in Sources */ = {isa = PBXBuildFile; fileRef = 46E69B852117E6EA00B52798 /* ViewController.m */; };
		46E69B892117E6EA00B52798 /* Main.storyboard in Resources */ = {isa = PBXBuildFile; fileRef = 46E69B872117E6EA00B52798 /* Main.storyboard */; };
		46E69B8B2117E6EB00B52798 /* Assets.xcassets in Resources */ = {isa = PBXBuildFile; fileRef = 46E69B8A2117E6EB00B52798 /* Assets.xcassets */; };
		46E69B8E2117E6EB00B52798 /* LaunchScreen.storyboard in Resources */ = {isa = PBXBuildFile; fileRef = 46E69B8C2117E6EB00B52798 /* LaunchScreen.storyboard */; };
		46E69B912117E6EB00B52798 /* main.m in Sources */ = {isa = PBXBuildFile; fileRef = 46E69B902117E6EB00B52798 /* main.m */; };
		46E69B9D2117EDE100B52798 /* MMNavigationController.m in Sources */ = {isa = PBXBuildFile; fileRef = 46E69B9B2117EDE100B52798 /* MMNavigationController.m */; };
		46E69BA02117F01800B52798 /* MMLeftViewController.m in Sources */ = {isa = PBXBuildFile; fileRef = 46E69B9F2117F01800B52798 /* MMLeftViewController.m */; };
		46E69BA32117F10D00B52798 /* MMCenterViewController.m in Sources */ = {isa = PBXBuildFile; fileRef = 46E69BA22117F10D00B52798 /* MMCenterViewController.m */; };
		E0097C566D278094D9E69712 /* libPods-iOSCodeCollection.a in Frameworks */ = {isa = PBXBuildFile; fileRef = F6B6B232982B508B2D57C72C /* libPods-iOSCodeCollection.a */; };
/* End PBXBuildFile section */

/* Begin PBXFileReference section */
		46AF8C45211ACD2C00683F14 /* MMCoreGraphicsCenterController.h */ = {isa = PBXFileReference; lastKnownFileType = sourcecode.c.h; path = MMCoreGraphicsCenterController.h; sourceTree = "<group>"; };
		46AF8C46211ACD2C00683F14 /* MMCoreGraphicsCenterController.m */ = {isa = PBXFileReference; lastKnownFileType = sourcecode.c.objc; path = MMCoreGraphicsCenterController.m; sourceTree = "<group>"; };
		46AF8C48211AD00B00683F14 /* MMCoreGraphicTriangleController.h */ = {isa = PBXFileReference; lastKnownFileType = sourcecode.c.h; path = MMCoreGraphicTriangleController.h; sourceTree = "<group>"; };
		46AF8C49211AD00B00683F14 /* MMCoreGraphicTriangleController.m */ = {isa = PBXFileReference; lastKnownFileType = sourcecode.c.objc; path = MMCoreGraphicTriangleController.m; sourceTree = "<group>"; };
		46E69B7E2117E6EA00B52798 /* iOSCodeCollection.app */ = {isa = PBXFileReference; explicitFileType = wrapper.application; includeInIndex = 0; path = iOSCodeCollection.app; sourceTree = BUILT_PRODUCTS_DIR; };
		46E69B812117E6EA00B52798 /* AppDelegate.h */ = {isa = PBXFileReference; lastKnownFileType = sourcecode.c.h; path = AppDelegate.h; sourceTree = "<group>"; };
		46E69B822117E6EA00B52798 /* AppDelegate.m */ = {isa = PBXFileReference; lastKnownFileType = sourcecode.c.objc; path = AppDelegate.m; sourceTree = "<group>"; };
		46E69B842117E6EA00B52798 /* ViewController.h */ = {isa = PBXFileReference; lastKnownFileType = sourcecode.c.h; path = ViewController.h; sourceTree = "<group>"; };
		46E69B852117E6EA00B52798 /* ViewController.m */ = {isa = PBXFileReference; lastKnownFileType = sourcecode.c.objc; path = ViewController.m; sourceTree = "<group>"; };
		46E69B882117E6EA00B52798 /* Base */ = {isa = PBXFileReference; lastKnownFileType = file.storyboard; name = Base; path = Base.lproj/Main.storyboard; sourceTree = "<group>"; };
		46E69B8A2117E6EB00B52798 /* Assets.xcassets */ = {isa = PBXFileReference; lastKnownFileType = folder.assetcatalog; path = Assets.xcassets; sourceTree = "<group>"; };
		46E69B8D2117E6EB00B52798 /* Base */ = {isa = PBXFileReference; lastKnownFileType = file.storyboard; name = Base; path = Base.lproj/LaunchScreen.storyboard; sourceTree = "<group>"; };
		46E69B8F2117E6EB00B52798 /* Info.plist */ = {isa = PBXFileReference; lastKnownFileType = text.plist.xml; path = Info.plist; sourceTree = "<group>"; };
		46E69B902117E6EB00B52798 /* main.m */ = {isa = PBXFileReference; lastKnownFileType = sourcecode.c.objc; path = main.m; sourceTree = "<group>"; };
		46E69B9A2117EC5100B52798 /* iOSCodeCollection-Prefix.pch */ = {isa = PBXFileReference; lastKnownFileType = sourcecode.c.h; path = "iOSCodeCollection-Prefix.pch"; sourceTree = "<group>"; };
		46E69B9B2117EDE100B52798 /* MMNavigationController.m */ = {isa = PBXFileReference; fileEncoding = 4; lastKnownFileType = sourcecode.c.objc; path = MMNavigationController.m; sourceTree = "<group>"; };
		46E69B9C2117EDE100B52798 /* MMNavigationController.h */ = {isa = PBXFileReference; fileEncoding = 4; lastKnownFileType = sourcecode.c.h; path = MMNavigationController.h; sourceTree = "<group>"; };
		46E69B9E2117F01800B52798 /* MMLeftViewController.h */ = {isa = PBXFileReference; lastKnownFileType = sourcecode.c.h; path = MMLeftViewController.h; sourceTree = "<group>"; };
		46E69B9F2117F01800B52798 /* MMLeftViewController.m */ = {isa = PBXFileReference; lastKnownFileType = sourcecode.c.objc; path = MMLeftViewController.m; sourceTree = "<group>"; };
		46E69BA12117F10D00B52798 /* MMCenterViewController.h */ = {isa = PBXFileReference; lastKnownFileType = sourcecode.c.h; path = MMCenterViewController.h; sourceTree = "<group>"; };
		46E69BA22117F10D00B52798 /* MMCenterViewController.m */ = {isa = PBXFileReference; lastKnownFileType = sourcecode.c.objc; path = MMCenterViewController.m; sourceTree = "<group>"; };
		7554444B52B50E7A6ADD78D6 /* Pods-iOSCodeCollection.release.xcconfig */ = {isa = PBXFileReference; includeInIndex = 1; lastKnownFileType = text.xcconfig; name = "Pods-iOSCodeCollection.release.xcconfig"; path = "Pods/Target Support Files/Pods-iOSCodeCollection/Pods-iOSCodeCollection.release.xcconfig"; sourceTree = "<group>"; };
		89E7D1E9735B53303A8A9B98 /* Pods-iOSCodeCollection.debug.xcconfig */ = {isa = PBXFileReference; includeInIndex = 1; lastKnownFileType = text.xcconfig; name = "Pods-iOSCodeCollection.debug.xcconfig"; path = "Pods/Target Support Files/Pods-iOSCodeCollection/Pods-iOSCodeCollection.debug.xcconfig"; sourceTree = "<group>"; };
		F6B6B232982B508B2D57C72C /* libPods-iOSCodeCollection.a */ = {isa = PBXFileReference; explicitFileType = archive.ar; includeInIndex = 0; path = "libPods-iOSCodeCollection.a"; sourceTree = BUILT_PRODUCTS_DIR; };
/* End PBXFileReference section */

/* Begin PBXFrameworksBuildPhase section */
		46E69B7B2117E6EA00B52798 /* Frameworks */ = {
			isa = PBXFrameworksBuildPhase;
			buildActionMask = 2147483647;
			files = (
				E0097C566D278094D9E69712 /* libPods-iOSCodeCollection.a in Frameworks */,
			);
			runOnlyForDeploymentPostprocessing = 0;
		};
/* End PBXFrameworksBuildPhase section */

/* Begin PBXGroup section */
		46AF8C44211ACB9000683F14 /* CoreGraphics */ = {
			isa = PBXGroup;
			children = (
				46AF8C45211ACD2C00683F14 /* MMCoreGraphicsCenterController.h */,
				46AF8C46211ACD2C00683F14 /* MMCoreGraphicsCenterController.m */,
				46AF8C48211AD00B00683F14 /* MMCoreGraphicTriangleController.h */,
				46AF8C49211AD00B00683F14 /* MMCoreGraphicTriangleController.m */,
			);
			path = CoreGraphics;
			sourceTree = "<group>";
		};
		46E69B752117E6EA00B52798 = {
			isa = PBXGroup;
			children = (
				46E69B802117E6EA00B52798 /* iOSCodeCollection */,
				46E69B7F2117E6EA00B52798 /* Products */,
				AB7102B47FF421DC6D871723 /* Pods */,
				48F86EDD0972CB2BC9DCD8F6 /* Frameworks */,
			);
			sourceTree = "<group>";
		};
		46E69B7F2117E6EA00B52798 /* Products */ = {
			isa = PBXGroup;
			children = (
				46E69B7E2117E6EA00B52798 /* iOSCodeCollection.app */,
			);
			name = Products;
			sourceTree = "<group>";
		};
		46E69B802117E6EA00B52798 /* iOSCodeCollection */ = {
			isa = PBXGroup;
			children = (
				46E69B972117EB5600B52798 /* Application */,
				46E69B982117EB5600B52798 /* Modules */,
			);
			path = iOSCodeCollection;
			sourceTree = "<group>";
		};
		46E69B972117EB5600B52798 /* Application */ = {
			isa = PBXGroup;
			children = (
				46E69B812117E6EA00B52798 /* AppDelegate.h */,
				46E69B822117E6EA00B52798 /* AppDelegate.m */,
				46E69B842117E6EA00B52798 /* ViewController.h */,
				46E69B852117E6EA00B52798 /* ViewController.m */,
				46E69B872117E6EA00B52798 /* Main.storyboard */,
				46E69B8A2117E6EB00B52798 /* Assets.xcassets */,
				46E69B8C2117E6EB00B52798 /* LaunchScreen.storyboard */,
				46E69B8F2117E6EB00B52798 /* Info.plist */,
				46E69B902117E6EB00B52798 /* main.m */,
				46E69B9A2117EC5100B52798 /* iOSCodeCollection-Prefix.pch */,
			);
			path = Application;
			sourceTree = "<group>";
		};
		46E69B982117EB5600B52798 /* Modules */ = {
			isa = PBXGroup;
			children = (
				46E69B992117EBD600B52798 /* Home */,
				46AF8C44211ACB9000683F14 /* CoreGraphics */,
			);
			path = Modules;
			sourceTree = "<group>";
		};
		46E69B992117EBD600B52798 /* Home */ = {
			isa = PBXGroup;
			children = (
				46E69B9C2117EDE100B52798 /* MMNavigationController.h */,
				46E69B9B2117EDE100B52798 /* MMNavigationController.m */,
				46E69B9E2117F01800B52798 /* MMLeftViewController.h */,
				46E69B9F2117F01800B52798 /* MMLeftViewController.m */,
				46E69BA12117F10D00B52798 /* MMCenterViewController.h */,
				46E69BA22117F10D00B52798 /* MMCenterViewController.m */,
			);
			path = Home;
			sourceTree = "<group>";
		};
		48F86EDD0972CB2BC9DCD8F6 /* Frameworks */ = {
			isa = PBXGroup;
			children = (
				F6B6B232982B508B2D57C72C /* libPods-iOSCodeCollection.a */,
			);
			name = Frameworks;
			sourceTree = "<group>";
		};
		AB7102B47FF421DC6D871723 /* Pods */ = {
			isa = PBXGroup;
			children = (
				89E7D1E9735B53303A8A9B98 /* Pods-iOSCodeCollection.debug.xcconfig */,
				7554444B52B50E7A6ADD78D6 /* Pods-iOSCodeCollection.release.xcconfig */,
			);
			name = Pods;
			sourceTree = "<group>";
		};
/* End PBXGroup section */

/* Begin PBXNativeTarget section */
		46E69B7D2117E6EA00B52798 /* iOSCodeCollection */ = {
			isa = PBXNativeTarget;
			buildConfigurationList = 46E69B942117E6EB00B52798 /* Build configuration list for PBXNativeTarget "iOSCodeCollection" */;
			buildPhases = (
				11B4E8D6CAF3B39600C93295 /* [CP] Check Pods Manifest.lock */,
				46E69B7A2117E6EA00B52798 /* Sources */,
				46E69B7B2117E6EA00B52798 /* Frameworks */,
				46E69B7C2117E6EA00B52798 /* Resources */,
				C60586A12C46AAF9C48FB8FE /* [CP] Copy Pods Resources */,
			);
			buildRules = (
			);
			dependencies = (
			);
			name = iOSCodeCollection;
			productName = iOSCodeCollection;
			productReference = 46E69B7E2117E6EA00B52798 /* iOSCodeCollection.app */;
			productType = "com.apple.product-type.application";
		};
/* End PBXNativeTarget section */

/* Begin PBXProject section */
		46E69B762117E6EA00B52798 /* Project object */ = {
			isa = PBXProject;
			attributes = {
				CLASSPREFIX = MM;
				LastUpgradeCheck = 0940;
				ORGANIZATIONNAME = Benson;
				TargetAttributes = {
					46E69B7D2117E6EA00B52798 = {
						CreatedOnToolsVersion = 9.4.1;
					};
				};
			};
			buildConfigurationList = 46E69B792117E6EA00B52798 /* Build configuration list for PBXProject "iOSCodeCollection" */;
			compatibilityVersion = "Xcode 9.3";
			developmentRegion = en;
			hasScannedForEncodings = 0;
			knownRegions = (
				en,
				Base,
			);
			mainGroup = 46E69B752117E6EA00B52798;
			productRefGroup = 46E69B7F2117E6EA00B52798 /* Products */;
			projectDirPath = "";
			projectRoot = "";
			targets = (
				46E69B7D2117E6EA00B52798 /* iOSCodeCollection */,
			);
		};
/* End PBXProject section */

/* Begin PBXResourcesBuildPhase section */
		46E69B7C2117E6EA00B52798 /* Resources */ = {
			isa = PBXResourcesBuildPhase;
			buildActionMask = 2147483647;
			files = (
				46E69B8E2117E6EB00B52798 /* LaunchScreen.storyboard in Resources */,
				46E69B8B2117E6EB00B52798 /* Assets.xcassets in Resources */,
				46E69B892117E6EA00B52798 /* Main.storyboard in Resources */,
			);
			runOnlyForDeploymentPostprocessing = 0;
		};
/* End PBXResourcesBuildPhase section */

/* Begin PBXShellScriptBuildPhase section */
		11B4E8D6CAF3B39600C93295 /* [CP] Check Pods Manifest.lock */ = {
			isa = PBXShellScriptBuildPhase;
			buildActionMask = 2147483647;
			files = (
			);
			inputPaths = (
				"${PODS_PODFILE_DIR_PATH}/Podfile.lock",
				"${PODS_ROOT}/Manifest.lock",
			);
			name = "[CP] Check Pods Manifest.lock";
			outputPaths = (
				"$(DERIVED_FILE_DIR)/Pods-iOSCodeCollection-checkManifestLockResult.txt",
			);
			runOnlyForDeploymentPostprocessing = 0;
			shellPath = /bin/sh;
			shellScript = "diff \"${PODS_PODFILE_DIR_PATH}/Podfile.lock\" \"${PODS_ROOT}/Manifest.lock\" > /dev/null\nif [ $? != 0 ] ; then\n    # print error to STDERR\n    echo \"error: The sandbox is not in sync with the Podfile.lock. Run 'pod install' or update your CocoaPods installation.\" >&2\n    exit 1\nfi\n# This output is used by Xcode 'outputs' to avoid re-running this script phase.\necho \"SUCCESS\" > \"${SCRIPT_OUTPUT_FILE_0}\"\n";
			showEnvVarsInLog = 0;
		};
		C60586A12C46AAF9C48FB8FE /* [CP] Copy Pods Resources */ = {
			isa = PBXShellScriptBuildPhase;
			buildActionMask = 2147483647;
			files = (
			);
			inputPaths = (
				"${SRCROOT}/Pods/Target Support Files/Pods-iOSCodeCollection/Pods-iOSCodeCollection-resources.sh",
				"${PODS_ROOT}/IQKeyboardManager/IQKeyboardManager/Resources/IQKeyboardManager.bundle",
			);
			name = "[CP] Copy Pods Resources";
			outputPaths = (
				"${TARGET_BUILD_DIR}/${UNLOCALIZED_RESOURCES_FOLDER_PATH}/IQKeyboardManager.bundle",
			);
			runOnlyForDeploymentPostprocessing = 0;
			shellPath = /bin/sh;
			shellScript = "\"${SRCROOT}/Pods/Target Support Files/Pods-iOSCodeCollection/Pods-iOSCodeCollection-resources.sh\"\n";
			showEnvVarsInLog = 0;
		};
/* End PBXShellScriptBuildPhase section */

/* Begin PBXSourcesBuildPhase section */
		46E69B7A2117E6EA00B52798 /* Sources */ = {
			isa = PBXSourcesBuildPhase;
			buildActionMask = 2147483647;
			files = (
				46E69B862117E6EA00B52798 /* ViewController.m in Sources */,
				46E69BA32117F10D00B52798 /* MMCenterViewController.m in Sources */,
				46E69B9D2117EDE100B52798 /* MMNavigationController.m in Sources */,
				46E69B912117E6EB00B52798 /* main.m in Sources */,
				46AF8C47211ACD2C00683F14 /* MMCoreGraphicsCenterController.m in Sources */,
				46AF8C4A211AD00B00683F14 /* MMCoreGraphicTriangleController.m in Sources */,
				46E69B832117E6EA00B52798 /* AppDelegate.m in Sources */,
				46E69BA02117F01800B52798 /* MMLeftViewController.m in Sources */,
			);
			runOnlyForDeploymentPostprocessing = 0;
		};
/* End PBXSourcesBuildPhase section */

/* Begin PBXVariantGroup section */
		46E69B872117E6EA00B52798 /* Main.storyboard */ = {
			isa = PBXVariantGroup;
			children = (
				46E69B882117E6EA00B52798 /* Base */,
			);
			name = Main.storyboard;
			sourceTree = "<group>";
		};
		46E69B8C2117E6EB00B52798 /* LaunchScreen.storyboard */ = {
			isa = PBXVariantGroup;
			children = (
				46E69B8D2117E6EB00B52798 /* Base */,
			);
			name = LaunchScreen.storyboard;
			sourceTree = "<group>";
		};
/* End PBXVariantGroup section */

/* Begin XCBuildConfiguration section */
		46E69B922117E6EB00B52798 /* Debug */ = {
			isa = XCBuildConfiguration;
			buildSettings = {
				ALWAYS_SEARCH_USER_PATHS = NO;
				CLANG_ANALYZER_NONNULL = YES;
				CLANG_ANALYZER_NUMBER_OBJECT_CONVERSION = YES_AGGRESSIVE;
				CLANG_CXX_LANGUAGE_STANDARD = "gnu++14";
				CLANG_CXX_LIBRARY = "libc++";
				CLANG_ENABLE_MODULES = YES;
				CLANG_ENABLE_OBJC_ARC = YES;
				CLANG_ENABLE_OBJC_WEAK = YES;
				CLANG_WARN_BLOCK_CAPTURE_AUTORELEASING = YES;
				CLANG_WARN_BOOL_CONVERSION = YES;
				CLANG_WARN_COMMA = YES;
				CLANG_WARN_CONSTANT_CONVERSION = YES;
				CLANG_WARN_DEPRECATED_OBJC_IMPLEMENTATIONS = YES;
				CLANG_WARN_DIRECT_OBJC_ISA_USAGE = YES_ERROR;
				CLANG_WARN_DOCUMENTATION_COMMENTS = YES;
				CLANG_WARN_EMPTY_BODY = YES;
				CLANG_WARN_ENUM_CONVERSION = YES;
				CLANG_WARN_INFINITE_RECURSION = YES;
				CLANG_WARN_INT_CONVERSION = YES;
				CLANG_WARN_NON_LITERAL_NULL_CONVERSION = YES;
				CLANG_WARN_OBJC_IMPLICIT_RETAIN_SELF = YES;
				CLANG_WARN_OBJC_LITERAL_CONVERSION = YES;
				CLANG_WARN_OBJC_ROOT_CLASS = YES_ERROR;
				CLANG_WARN_RANGE_LOOP_ANALYSIS = YES;
				CLANG_WARN_STRICT_PROTOTYPES = YES;
				CLANG_WARN_SUSPICIOUS_MOVE = YES;
				CLANG_WARN_UNGUARDED_AVAILABILITY = YES_AGGRESSIVE;
				CLANG_WARN_UNREACHABLE_CODE = YES;
				CLANG_WARN__DUPLICATE_METHOD_MATCH = YES;
				CODE_SIGN_IDENTITY = "iPhone Developer";
				COPY_PHASE_STRIP = NO;
				DEBUG_INFORMATION_FORMAT = dwarf;
				ENABLE_STRICT_OBJC_MSGSEND = YES;
				ENABLE_TESTABILITY = YES;
				GCC_C_LANGUAGE_STANDARD = gnu11;
				GCC_DYNAMIC_NO_PIC = NO;
				GCC_NO_COMMON_BLOCKS = YES;
				GCC_OPTIMIZATION_LEVEL = 0;
				GCC_PREPROCESSOR_DEFINITIONS = (
					"DEBUG=1",
					"$(inherited)",
				);
				GCC_WARN_64_TO_32_BIT_CONVERSION = YES;
				GCC_WARN_ABOUT_RETURN_TYPE = YES_ERROR;
				GCC_WARN_UNDECLARED_SELECTOR = YES;
				GCC_WARN_UNINITIALIZED_AUTOS = YES_AGGRESSIVE;
				GCC_WARN_UNUSED_FUNCTION = YES;
				GCC_WARN_UNUSED_VARIABLE = YES;
				IPHONEOS_DEPLOYMENT_TARGET = 11.4;
				MTL_ENABLE_DEBUG_INFO = YES;
				ONLY_ACTIVE_ARCH = YES;
				SDKROOT = iphoneos;
			};
			name = Debug;
		};
		46E69B932117E6EB00B52798 /* Release */ = {
			isa = XCBuildConfiguration;
			buildSettings = {
				ALWAYS_SEARCH_USER_PATHS = NO;
				CLANG_ANALYZER_NONNULL = YES;
				CLANG_ANALYZER_NUMBER_OBJECT_CONVERSION = YES_AGGRESSIVE;
				CLANG_CXX_LANGUAGE_STANDARD = "gnu++14";
				CLANG_CXX_LIBRARY = "libc++";
				CLANG_ENABLE_MODULES = YES;
				CLANG_ENABLE_OBJC_ARC = YES;
				CLANG_ENABLE_OBJC_WEAK = YES;
				CLANG_WARN_BLOCK_CAPTURE_AUTORELEASING = YES;
				CLANG_WARN_BOOL_CONVERSION = YES;
				CLANG_WARN_COMMA = YES;
				CLANG_WARN_CONSTANT_CONVERSION = YES;
				CLANG_WARN_DEPRECATED_OBJC_IMPLEMENTATIONS = YES;
				CLANG_WARN_DIRECT_OBJC_ISA_USAGE = YES_ERROR;
				CLANG_WARN_DOCUMENTATION_COMMENTS = YES;
				CLANG_WARN_EMPTY_BODY = YES;
				CLANG_WARN_ENUM_CONVERSION = YES;
				CLANG_WARN_INFINITE_RECURSION = YES;
				CLANG_WARN_INT_CONVERSION = YES;
				CLANG_WARN_NON_LITERAL_NULL_CONVERSION = YES;
				CLANG_WARN_OBJC_IMPLICIT_RETAIN_SELF = YES;
				CLANG_WARN_OBJC_LITERAL_CONVERSION = YES;
				CLANG_WARN_OBJC_ROOT_CLASS = YES_ERROR;
				CLANG_WARN_RANGE_LOOP_ANALYSIS = YES;
				CLANG_WARN_STRICT_PROTOTYPES = YES;
				CLANG_WARN_SUSPICIOUS_MOVE = YES;
				CLANG_WARN_UNGUARDED_AVAILABILITY = YES_AGGRESSIVE;
				CLANG_WARN_UNREACHABLE_CODE = YES;
				CLANG_WARN__DUPLICATE_METHOD_MATCH = YES;
				CODE_SIGN_IDENTITY = "iPhone Developer";
				COPY_PHASE_STRIP = NO;
				DEBUG_INFORMATION_FORMAT = "dwarf-with-dsym";
				ENABLE_NS_ASSERTIONS = NO;
				ENABLE_STRICT_OBJC_MSGSEND = YES;
				GCC_C_LANGUAGE_STANDARD = gnu11;
				GCC_NO_COMMON_BLOCKS = YES;
				GCC_WARN_64_TO_32_BIT_CONVERSION = YES;
				GCC_WARN_ABOUT_RETURN_TYPE = YES_ERROR;
				GCC_WARN_UNDECLARED_SELECTOR = YES;
				GCC_WARN_UNINITIALIZED_AUTOS = YES_AGGRESSIVE;
				GCC_WARN_UNUSED_FUNCTION = YES;
				GCC_WARN_UNUSED_VARIABLE = YES;
				IPHONEOS_DEPLOYMENT_TARGET = 11.4;
				MTL_ENABLE_DEBUG_INFO = NO;
				SDKROOT = iphoneos;
				VALIDATE_PRODUCT = YES;
			};
			name = Release;
		};
		46E69B952117E6EB00B52798 /* Debug */ = {
			isa = XCBuildConfiguration;
			baseConfigurationReference = 89E7D1E9735B53303A8A9B98 /* Pods-iOSCodeCollection.debug.xcconfig */;
			buildSettings = {
				ASSETCATALOG_COMPILER_APPICON_NAME = AppIcon;
				CODE_SIGN_STYLE = Automatic;
				GCC_PREFIX_HEADER = "iOSCodeCollection/Application/iOSCodeCollection-Prefix.pch";
				INFOPLIST_FILE = "$(SRCROOT)/iOSCodeCollection/Application/Info.plist";
				IPHONEOS_DEPLOYMENT_TARGET = 10.0;
				LD_RUNPATH_SEARCH_PATHS = (
					"$(inherited)",
					"@executable_path/Frameworks",
				);
				PRODUCT_BUNDLE_IDENTIFIER = com.xxx.iOSCodeCollection;
				PRODUCT_NAME = "$(TARGET_NAME)";
				TARGETED_DEVICE_FAMILY = "1,2";
			};
			name = Debug;
		};
		46E69B962117E6EB00B52798 /* Release */ = {
			isa = XCBuildConfiguration;
			baseConfigurationReference = 7554444B52B50E7A6ADD78D6 /* Pods-iOSCodeCollection.release.xcconfig */;
			buildSettings = {
				ASSETCATALOG_COMPILER_APPICON_NAME = AppIcon;
				CODE_SIGN_STYLE = Automatic;
				GCC_PREFIX_HEADER = "iOSCodeCollection/Application/iOSCodeCollection-Prefix.pch";
				INFOPLIST_FILE = "$(SRCROOT)/iOSCodeCollection/Application/Info.plist";
				IPHONEOS_DEPLOYMENT_TARGET = 10.0;
				LD_RUNPATH_SEARCH_PATHS = (
					"$(inherited)",
					"@executable_path/Frameworks",
				);
				PRODUCT_BUNDLE_IDENTIFIER = com.xxx.iOSCodeCollection;
				PRODUCT_NAME = "$(TARGET_NAME)";
				TARGETED_DEVICE_FAMILY = "1,2";
			};
			name = Release;
		};
/* End XCBuildConfiguration section */

/* Begin XCConfigurationList section */
		46E69B792117E6EA00B52798 /* Build configuration list for PBXProject "iOSCodeCollection" */ = {
			isa = XCConfigurationList;
			buildConfigurations = (
				46E69B922117E6EB00B52798 /* Debug */,
				46E69B932117E6EB00B52798 /* Release */,
			);
			defaultConfigurationIsVisible = 0;
			defaultConfigurationName = Release;
		};
		46E69B942117E6EB00B52798 /* Build configuration list for PBXNativeTarget "iOSCodeCollection" */ = {
			isa = XCConfigurationList;
			buildConfigurations = (
				46E69B952117E6EB00B52798 /* Debug */,
				46E69B962117E6EB00B52798 /* Release */,
			);
			defaultConfigurationIsVisible = 0;
			defaultConfigurationName = Release;
		};
/* End XCConfigurationList section */
	};
	rootObject = 46E69B762117E6EA00B52798 /* Project object */;
}
